// !$*UTF8*$!
{
	archiveVersion = 1;
	classes = {
	};
	objectVersion = 56;
	objects = {

/* Begin PBXBuildFile section */
		04413A5C2CA5320800ECD1BB /* ReadPastViewController.swift in Sources */ = {isa = PBXBuildFile; fileRef = 04413A5B2CA5320800ECD1BB /* ReadPastViewController.swift */; };
		045F194D2C9589C100128E7A /* AppDelegate.swift in Sources */ = {isa = PBXBuildFile; fileRef = 045F194C2C9589C100128E7A /* AppDelegate.swift */; };
		045F194F2C9589C100128E7A /* SceneDelegate.swift in Sources */ = {isa = PBXBuildFile; fileRef = 045F194E2C9589C100128E7A /* SceneDelegate.swift */; };
		045F19512C9589C100128E7A /* ViewController.swift in Sources */ = {isa = PBXBuildFile; fileRef = 045F19502C9589C100128E7A /* ViewController.swift */; };
		045F19542C9589C100128E7A /* Base in Resources */ = {isa = PBXBuildFile; fileRef = 045F19532C9589C100128E7A /* Base */; };
		045F19562C9589C200128E7A /* Assets.xcassets in Resources */ = {isa = PBXBuildFile; fileRef = 045F19552C9589C200128E7A /* Assets.xcassets */; };
		045F19592C9589C200128E7A /* Base in Resources */ = {isa = PBXBuildFile; fileRef = 045F19582C9589C200128E7A /* Base */; };
		045F19612C959CF600128E7A /* WriteDiaryViewController.swift in Sources */ = {isa = PBXBuildFile; fileRef = 045F19602C959CF600128E7A /* WriteDiaryViewController.swift */; };
		045F19632C95AB5C00128E7A /* WriteDiaryCollectionViewController.swift in Sources */ = {isa = PBXBuildFile; fileRef = 045F19622C95AB5B00128E7A /* WriteDiaryCollectionViewController.swift */; };
		045F198A2C97ED3600128E7A /* ReadDiaryViewController.swift in Sources */ = {isa = PBXBuildFile; fileRef = 045F19892C97ED3600128E7A /* ReadDiaryViewController.swift */; };
		045F19912C980D6200128E7A /* DiaryCollectionViewCell.swift in Sources */ = {isa = PBXBuildFile; fileRef = 045F198F2C980D6200128E7A /* DiaryCollectionViewCell.swift */; };
		045F19922C980D6200128E7A /* DiaryCollectionViewCell.xib in Resources */ = {isa = PBXBuildFile; fileRef = 045F19902C980D6200128E7A /* DiaryCollectionViewCell.xib */; };
/* End PBXBuildFile section */

/* Begin PBXFileReference section */
		04413A5B2CA5320800ECD1BB /* ReadPastViewController.swift */ = {isa = PBXFileReference; lastKnownFileType = sourcecode.swift; path = ReadPastViewController.swift; sourceTree = "<group>"; };
		045F19492C9589C100128E7A /* HaikuDiary.app */ = {isa = PBXFileReference; explicitFileType = wrapper.application; includeInIndex = 0; path = HaikuDiary.app; sourceTree = BUILT_PRODUCTS_DIR; };
		045F194C2C9589C100128E7A /* AppDelegate.swift */ = {isa = PBXFileReference; lastKnownFileType = sourcecode.swift; path = AppDelegate.swift; sourceTree = "<group>"; };
		045F194E2C9589C100128E7A /* SceneDelegate.swift */ = {isa = PBXFileReference; lastKnownFileType = sourcecode.swift; path = SceneDelegate.swift; sourceTree = "<group>"; };
		045F19502C9589C100128E7A /* ViewController.swift */ = {isa = PBXFileReference; lastKnownFileType = sourcecode.swift; path = ViewController.swift; sourceTree = "<group>"; };
		045F19532C9589C100128E7A /* Base */ = {isa = PBXFileReference; lastKnownFileType = file.storyboard; name = Base; path = Base.lproj/Main.storyboard; sourceTree = "<group>"; };
		045F19552C9589C200128E7A /* Assets.xcassets */ = {isa = PBXFileReference; lastKnownFileType = folder.assetcatalog; path = Assets.xcassets; sourceTree = "<group>"; };
		045F19582C9589C200128E7A /* Base */ = {isa = PBXFileReference; lastKnownFileType = file.storyboard; name = Base; path = Base.lproj/LaunchScreen.storyboard; sourceTree = "<group>"; };
		045F195A2C9589C200128E7A /* Info.plist */ = {isa = PBXFileReference; lastKnownFileType = text.plist.xml; path = Info.plist; sourceTree = "<group>"; };
		045F19602C959CF600128E7A /* WriteDiaryViewController.swift */ = {isa = PBXFileReference; lastKnownFileType = sourcecode.swift; path = WriteDiaryViewController.swift; sourceTree = "<group>"; };
		045F19622C95AB5B00128E7A /* WriteDiaryCollectionViewController.swift */ = {isa = PBXFileReference; lastKnownFileType = sourcecode.swift; path = WriteDiaryCollectionViewController.swift; sourceTree = "<group>"; };
		045F19892C97ED3600128E7A /* ReadDiaryViewController.swift */ = {isa = PBXFileReference; lastKnownFileType = sourcecode.swift; path = ReadDiaryViewController.swift; sourceTree = "<group>"; };
		045F198F2C980D6200128E7A /* DiaryCollectionViewCell.swift */ = {isa = PBXFileReference; lastKnownFileType = sourcecode.swift; path = DiaryCollectionViewCell.swift; sourceTree = "<group>"; };
		045F19902C980D6200128E7A /* DiaryCollectionViewCell.xib */ = {isa = PBXFileReference; lastKnownFileType = file.xib; path = DiaryCollectionViewCell.xib; sourceTree = "<group>"; };
/* End PBXFileReference section */

/* Begin PBXFrameworksBuildPhase section */
		045F19462C9589C100128E7A /* Frameworks */ = {
			isa = PBXFrameworksBuildPhase;
			buildActionMask = 2147483647;
			files = (
			);
			runOnlyForDeploymentPostprocessing = 0;
		};
/* End PBXFrameworksBuildPhase section */

/* Begin PBXGroup section */
		045F19402C9589C100128E7A = {
			isa = PBXGroup;
			children = (
				045F194B2C9589C100128E7A /* HaikuDiary */,
				045F194A2C9589C100128E7A /* Products */,
			);
			sourceTree = "<group>";
		};
		045F194A2C9589C100128E7A /* Products */ = {
			isa = PBXGroup;
			children = (
				045F19492C9589C100128E7A /* HaikuDiary.app */,
			);
			name = Products;
			sourceTree = "<group>";
		};
		045F194B2C9589C100128E7A /* HaikuDiary */ = {
			isa = PBXGroup;
			children = (
				045F194C2C9589C100128E7A /* AppDelegate.swift */,
				045F194E2C9589C100128E7A /* SceneDelegate.swift */,
				045F19502C9589C100128E7A /* ViewController.swift */,
				045F19602C959CF600128E7A /* WriteDiaryViewController.swift */,
				045F19622C95AB5B00128E7A /* WriteDiaryCollectionViewController.swift */,
				045F19892C97ED3600128E7A /* ReadDiaryViewController.swift */,
				045F19522C9589C100128E7A /* Main.storyboard */,
				045F198F2C980D6200128E7A /* DiaryCollectionViewCell.swift */,
				045F19902C980D6200128E7A /* DiaryCollectionViewCell.xib */,
				04413A5B2CA5320800ECD1BB /* ReadPastViewController.swift */,
				045F19552C9589C200128E7A /* Assets.xcassets */,
				045F19572C9589C200128E7A /* LaunchScreen.storyboard */,
				045F195A2C9589C200128E7A /* Info.plist */,
			);
			path = HaikuDiary;
			sourceTree = "<group>";
		};
/* End PBXGroup section */

/* Begin PBXNativeTarget section */
		045F19482C9589C100128E7A /* HaikuDiary */ = {
			isa = PBXNativeTarget;
			buildConfigurationList = 045F195D2C9589C200128E7A /* Build configuration list for PBXNativeTarget "HaikuDiary" */;
			buildPhases = (
				045F19452C9589C100128E7A /* Sources */,
				045F19462C9589C100128E7A /* Frameworks */,
				045F19472C9589C100128E7A /* Resources */,
			);
			buildRules = (
			);
			dependencies = (
			);
			name = HaikuDiary;
			productName = HaikuDiary;
			productReference = 045F19492C9589C100128E7A /* HaikuDiary.app */;
			productType = "com.apple.product-type.application";
		};
/* End PBXNativeTarget section */

/* Begin PBXProject section */
		045F19412C9589C100128E7A /* Project object */ = {
			isa = PBXProject;
			attributes = {
				BuildIndependentTargetsInParallel = 1;
				LastSwiftUpdateCheck = 1540;
				LastUpgradeCheck = 1540;
				TargetAttributes = {
					045F19482C9589C100128E7A = {
						CreatedOnToolsVersion = 15.4;
					};
				};
			};
			buildConfigurationList = 045F19442C9589C100128E7A /* Build configuration list for PBXProject "HaikuDiary" */;
			compatibilityVersion = "Xcode 14.0";
			developmentRegion = en;
			hasScannedForEncodings = 0;
			knownRegions = (
				en,
				Base,
			);
			mainGroup = 045F19402C9589C100128E7A;
			productRefGroup = 045F194A2C9589C100128E7A /* Products */;
			projectDirPath = "";
			projectRoot = "";
			targets = (
				045F19482C9589C100128E7A /* HaikuDiary */,
			);
		};
/* End PBXProject section */

/* Begin PBXResourcesBuildPhase section */
		045F19472C9589C100128E7A /* Resources */ = {
			isa = PBXResourcesBuildPhase;
			buildActionMask = 2147483647;
			files = (
				045F19922C980D6200128E7A /* DiaryCollectionViewCell.xib in Resources */,
				045F19562C9589C200128E7A /* Assets.xcassets in Resources */,
				045F19592C9589C200128E7A /* Base in Resources */,
				045F19542C9589C100128E7A /* Base in Resources */,
			);
			runOnlyForDeploymentPostprocessing = 0;
		};
/* End PBXResourcesBuildPhase section */

/* Begin PBXSourcesBuildPhase section */
		045F19452C9589C100128E7A /* Sources */ = {
			isa = PBXSourcesBuildPhase;
			buildActionMask = 2147483647;
			files = (
				045F19612C959CF600128E7A /* WriteDiaryViewController.swift in Sources */,
				045F19512C9589C100128E7A /* ViewController.swift in Sources */,
				04413A5C2CA5320800ECD1BB /* ReadPastViewController.swift in Sources */,
				045F198A2C97ED3600128E7A /* ReadDiaryViewController.swift in Sources */,
				045F194D2C9589C100128E7A /* AppDelegate.swift in Sources */,
				045F19632C95AB5C00128E7A /* WriteDiaryCollectionViewController.swift in Sources */,
				045F194F2C9589C100128E7A /* SceneDelegate.swift in Sources */,
				045F19912C980D6200128E7A /* DiaryCollectionViewCell.swift in Sources */,
			);
			runOnlyForDeploymentPostprocessing = 0;
		};
/* End PBXSourcesBuildPhase section */

/* Begin PBXVariantGroup section */
		045F19522C9589C100128E7A /* Main.storyboard */ = {
			isa = PBXVariantGroup;
			children = (
				045F19532C9589C100128E7A /* Base */,
			);
			name = Main.storyboard;
			sourceTree = "<group>";
		};
		045F19572C9589C200128E7A /* LaunchScreen.storyboard */ = {
			isa = PBXVariantGroup;
			children = (
				045F19582C9589C200128E7A /* Base */,
			);
			name = LaunchScreen.storyboard;
			sourceTree = "<group>";
		};
/* End PBXVariantGroup section */

/* Begin XCBuildConfiguration section */
		045F195B2C9589C200128E7A /* Debug */ = {
			isa = XCBuildConfiguration;
			buildSettings = {
				ALWAYS_SEARCH_USER_PATHS = NO;
				ASSETCATALOG_COMPILER_GENERATE_SWIFT_ASSET_SYMBOL_EXTENSIONS = YES;
				CLANG_ANALYZER_NONNULL = YES;
				CLANG_ANALYZER_NUMBER_OBJECT_CONVERSION = YES_AGGRESSIVE;
				CLANG_CXX_LANGUAGE_STANDARD = "gnu++20";
				CLANG_ENABLE_MODULES = YES;
				CLANG_ENABLE_OBJC_ARC = YES;
				CLANG_ENABLE_OBJC_WEAK = YES;
				CLANG_WARN_BLOCK_CAPTURE_AUTORELEASING = YES;
				CLANG_WARN_BOOL_CONVERSION = YES;
				CLANG_WARN_COMMA = YES;
				CLANG_WARN_CONSTANT_CONVERSION = YES;
				CLANG_WARN_DEPRECATED_OBJC_IMPLEMENTATIONS = YES;
				CLANG_WARN_DIRECT_OBJC_ISA_USAGE = YES_ERROR;
				CLANG_WARN_DOCUMENTATION_COMMENTS = YES;
				CLANG_WARN_EMPTY_BODY = YES;
				CLANG_WARN_ENUM_CONVERSION = YES;
				CLANG_WARN_INFINITE_RECURSION = YES;
				CLANG_WARN_INT_CONVERSION = YES;
				CLANG_WARN_NON_LITERAL_NULL_CONVERSION = YES;
				CLANG_WARN_OBJC_IMPLICIT_RETAIN_SELF = YES;
				CLANG_WARN_OBJC_LITERAL_CONVERSION = YES;
				CLANG_WARN_OBJC_ROOT_CLASS = YES_ERROR;
				CLANG_WARN_QUOTED_INCLUDE_IN_FRAMEWORK_HEADER = YES;
				CLANG_WARN_RANGE_LOOP_ANALYSIS = YES;
				CLANG_WARN_STRICT_PROTOTYPES = YES;
				CLANG_WARN_SUSPICIOUS_MOVE = YES;
				CLANG_WARN_UNGUARDED_AVAILABILITY = YES_AGGRESSIVE;
				CLANG_WARN_UNREACHABLE_CODE = YES;
				CLANG_WARN__DUPLICATE_METHOD_MATCH = YES;
				COPY_PHASE_STRIP = NO;
				DEBUG_INFORMATION_FORMAT = dwarf;
				ENABLE_STRICT_OBJC_MSGSEND = YES;
				ENABLE_TESTABILITY = YES;
				ENABLE_USER_SCRIPT_SANDBOXING = YES;
				GCC_C_LANGUAGE_STANDARD = gnu17;
				GCC_DYNAMIC_NO_PIC = NO;
				GCC_NO_COMMON_BLOCKS = YES;
				GCC_OPTIMIZATION_LEVEL = 0;
				GCC_PREPROCESSOR_DEFINITIONS = (
					"DEBUG=1",
					"$(inherited)",
				);
				GCC_WARN_64_TO_32_BIT_CONVERSION = YES;
				GCC_WARN_ABOUT_RETURN_TYPE = YES_ERROR;
				GCC_WARN_UNDECLARED_SELECTOR = YES;
				GCC_WARN_UNINITIALIZED_AUTOS = YES_AGGRESSIVE;
				GCC_WARN_UNUSED_FUNCTION = YES;
				GCC_WARN_UNUSED_VARIABLE = YES;
				IPHONEOS_DEPLOYMENT_TARGET = 17.5;
				LOCALIZATION_PREFERS_STRING_CATALOGS = YES;
				MTL_ENABLE_DEBUG_INFO = INCLUDE_SOURCE;
				MTL_FAST_MATH = YES;
				ONLY_ACTIVE_ARCH = YES;
				SDKROOT = iphoneos;
				SWIFT_ACTIVE_COMPILATION_CONDITIONS = "DEBUG $(inherited)";
				SWIFT_OPTIMIZATION_LEVEL = "-Onone";
			};
			name = Debug;
		};
		045F195C2C9589C200128E7A /* Release */ = {
			isa = XCBuildConfiguration;
			buildSettings = {
				ALWAYS_SEARCH_USER_PATHS = NO;
				ASSETCATALOG_COMPILER_GENERATE_SWIFT_ASSET_SYMBOL_EXTENSIONS = YES;
				CLANG_ANALYZER_NONNULL = YES;
				CLANG_ANALYZER_NUMBER_OBJECT_CONVERSION = YES_AGGRESSIVE;
				CLANG_CXX_LANGUAGE_STANDARD = "gnu++20";
				CLANG_ENABLE_MODULES = YES;
				CLANG_ENABLE_OBJC_ARC = YES;
				CLANG_ENABLE_OBJC_WEAK = YES;
				CLANG_WARN_BLOCK_CAPTURE_AUTORELEASING = YES;
				CLANG_WARN_BOOL_CONVERSION = YES;
				CLANG_WARN_COMMA = YES;
				CLANG_WARN_CONSTANT_CONVERSION = YES;
				CLANG_WARN_DEPRECATED_OBJC_IMPLEMENTATIONS = YES;
				CLANG_WARN_DIRECT_OBJC_ISA_USAGE = YES_ERROR;
				CLANG_WARN_DOCUMENTATION_COMMENTS = YES;
				CLANG_WARN_EMPTY_BODY = YES;
				CLANG_WARN_ENUM_CONVERSION = YES;
				CLANG_WARN_INFINITE_RECURSION = YES;
				CLANG_WARN_INT_CONVERSION = YES;
				CLANG_WARN_NON_LITERAL_NULL_CONVERSION = YES;
				CLANG_WARN_OBJC_IMPLICIT_RETAIN_SELF = YES;
				CLANG_WARN_OBJC_LITERAL_CONVERSION = YES;
				CLANG_WARN_OBJC_ROOT_CLASS = YES_ERROR;
				CLANG_WARN_QUOTED_INCLUDE_IN_FRAMEWORK_HEADER = YES;
				CLANG_WARN_RANGE_LOOP_ANALYSIS = YES;
				CLANG_WARN_STRICT_PROTOTYPES = YES;
				CLANG_WARN_SUSPICIOUS_MOVE = YES;
				CLANG_WARN_UNGUARDED_AVAILABILITY = YES_AGGRESSIVE;
				CLANG_WARN_UNREACHABLE_CODE = YES;
				CLANG_WARN__DUPLICATE_METHOD_MATCH = YES;
				COPY_PHASE_STRIP = NO;
				DEBUG_INFORMATION_FORMAT = "dwarf-with-dsym";
				ENABLE_NS_ASSERTIONS = NO;
				ENABLE_STRICT_OBJC_MSGSEND = YES;
				ENABLE_USER_SCRIPT_SANDBOXING = YES;
				GCC_C_LANGUAGE_STANDARD = gnu17;
				GCC_NO_COMMON_BLOCKS = YES;
				GCC_WARN_64_TO_32_BIT_CONVERSION = YES;
				GCC_WARN_ABOUT_RETURN_TYPE = YES_ERROR;
				GCC_WARN_UNDECLARED_SELECTOR = YES;
				GCC_WARN_UNINITIALIZED_AUTOS = YES_AGGRESSIVE;
				GCC_WARN_UNUSED_FUNCTION = YES;
				GCC_WARN_UNUSED_VARIABLE = YES;
				IPHONEOS_DEPLOYMENT_TARGET = 17.5;
				LOCALIZATION_PREFERS_STRING_CATALOGS = YES;
				MTL_ENABLE_DEBUG_INFO = NO;
				MTL_FAST_MATH = YES;
				SDKROOT = iphoneos;
				SWIFT_COMPILATION_MODE = wholemodule;
				VALIDATE_PRODUCT = YES;
			};
			name = Release;
		};
		045F195E2C9589C200128E7A /* Debug */ = {
			isa = XCBuildConfiguration;
			buildSettings = {
				ASSETCATALOG_COMPILER_APPICON_NAME = AppIcon;
				ASSETCATALOG_COMPILER_GLOBAL_ACCENT_COLOR_NAME = AccentColor;
				CODE_SIGN_STYLE = Automatic;
				CURRENT_PROJECT_VERSION = 1;
				GENERATE_INFOPLIST_FILE = YES;
				INFOPLIST_FILE = HaikuDiary/Info.plist;
				INFOPLIST_KEY_UIApplicationSupportsIndirectInputEvents = YES;
				INFOPLIST_KEY_UILaunchStoryboardName = LaunchScreen;
				INFOPLIST_KEY_UIMainStoryboardFile = Main;
				INFOPLIST_KEY_UISupportedInterfaceOrientations_iPad = "UIInterfaceOrientationPortrait UIInterfaceOrientationPortraitUpsideDown UIInterfaceOrientationLandscapeLeft UIInterfaceOrientationLandscapeRight";
				INFOPLIST_KEY_UISupportedInterfaceOrientations_iPhone = "UIInterfaceOrientationPortrait UIInterfaceOrientationLandscapeLeft UIInterfaceOrientationLandscapeRight";
				LD_RUNPATH_SEARCH_PATHS = (
					"$(inherited)",
					"@executable_path/Frameworks",
				);
				MARKETING_VERSION = 1.0;
				PRODUCT_BUNDLE_IDENTIFIER = app.Hisada.Ohisan.HaikuDiary;
				PRODUCT_NAME = "$(TARGET_NAME)";
				SWIFT_EMIT_LOC_STRINGS = YES;
				SWIFT_VERSION = 5.0;
				TARGETED_DEVICE_FAMILY = "1,2";
			};
			name = Debug;
		};
		045F195F2C9589C200128E7A /* Release */ = {
			isa = XCBuildConfiguration;
			buildSettings = {
				ASSETCATALOG_COMPILER_APPICON_NAME = AppIcon;
				ASSETCATALOG_COMPILER_GLOBAL_ACCENT_COLOR_NAME = AccentColor;
				CODE_SIGN_STYLE = Automatic;
				CURRENT_PROJECT_VERSION = 1;
				GENERATE_INFOPLIST_FILE = YES;
				INFOPLIST_FILE = HaikuDiary/Info.plist;
				INFOPLIST_KEY_UIApplicationSupportsIndirectInputEvents = YES;
				INFOPLIST_KEY_UILaunchStoryboardName = LaunchScreen;
				INFOPLIST_KEY_UIMainStoryboardFile = Main;
				INFOPLIST_KEY_UISupportedInterfaceOrientations_iPad = "UIInterfaceOrientationPortrait UIInterfaceOrientationPortraitUpsideDown UIInterfaceOrientationLandscapeLeft UIInterfaceOrientationLandscapeRight";
				INFOPLIST_KEY_UISupportedInterfaceOrientations_iPhone = "UIInterfaceOrientationPortrait UIInterfaceOrientationLandscapeLeft UIInterfaceOrientationLandscapeRight";
				LD_RUNPATH_SEARCH_PATHS = (
					"$(inherited)",
					"@executable_path/Frameworks",
				);
				MARKETING_VERSION = 1.0;
				PRODUCT_BUNDLE_IDENTIFIER = app.Hisada.Ohisan.HaikuDiary;
				PRODUCT_NAME = "$(TARGET_NAME)";
				SWIFT_EMIT_LOC_STRINGS = YES;
				SWIFT_VERSION = 5.0;
				TARGETED_DEVICE_FAMILY = "1,2";
			};
			name = Release;
		};
/* End XCBuildConfiguration section */

/* Begin XCConfigurationList section */
		045F19442C9589C100128E7A /* Build configuration list for PBXProject "HaikuDiary" */ = {
			isa = XCConfigurationList;
			buildConfigurations = (
				045F195B2C9589C200128E7A /* Debug */,
				045F195C2C9589C200128E7A /* Release */,
			);
			defaultConfigurationIsVisible = 0;
			defaultConfigurationName = Release;
		};
		045F195D2C9589C200128E7A /* Build configuration list for PBXNativeTarget "HaikuDiary" */ = {
			isa = XCConfigurationList;
			buildConfigurations = (
				045F195E2C9589C200128E7A /* Debug */,
				045F195F2C9589C200128E7A /* Release */,
			);
			defaultConfigurationIsVisible = 0;
			defaultConfigurationName = Release;
		};
/* End XCConfigurationList section */
	};
	rootObject = 045F19412C9589C100128E7A /* Project object */;
}
